
Microsoft Visual Studio Solution File, Format Version 12.00
# Visual Studio Version 16
VisualStudioVersion = 16.0.29806.167
MinimumVisualStudioVersion = 15.0.26124.0
Project("{9A19103F-16F7-4668-BE54-9A1E7A4F7556}") = "Benday.Common", "Benday.Common\Benday.Common\Benday.Common.csproj", "{42D79AF8-417B-4FF9-8399-17A7B804228B}"
EndProject
Project("{9A19103F-16F7-4668-BE54-9A1E7A4F7556}") = "Benday.Common.UnitTests", "Benday.Common\Benday.Common.UnitTests\Benday.Common.UnitTests.csproj", "{40180FF1-2379-4EC0-B3C9-F9101B31F40C}"
EndProject
Project("{9A19103F-16F7-4668-BE54-9A1E7A4F7556}") = "Benday.EfCore.SqlServer", "Benday.EfCore.SqlServer\Benday.EfCore.SqlServer\Benday.EfCore.SqlServer.csproj", "{63705CEC-6F97-40EA-86A2-9EDEE9EAE392}"
EndProject
Project("{9A19103F-16F7-4668-BE54-9A1E7A4F7556}") = "Benday.EfCore.SqlServer.TestApi", "Benday.EfCore.SqlServer\Benday.EfCore.SqlServer.TestApi\Benday.EfCore.SqlServer.TestApi.csproj", "{D1765630-5B80-4406-B032-4ADF873F43D4}"
EndProject
Project("{9A19103F-16F7-4668-BE54-9A1E7A4F7556}") = "Benday.EfCore.SqlServer.UnitTests", "Benday.EfCore.SqlServer\Benday.EfCore.SqlServer.UnitTests\Benday.EfCore.SqlServer.UnitTests.csproj", "{A23A0959-0DD0-4367-A768-EBEB7FAF4BBF}"
EndProject
Project("{9A19103F-16F7-4668-BE54-9A1E7A4F7556}") = "Benday.EfCore.SqlServer.IntegrationTests", "Benday.EfCore.SqlServer\Benday.EfCore.SqlServer.IntegrationTests\Benday.EfCore.SqlServer.IntegrationTests.csproj", "{A7387F07-CBD6-4E85-A874-746E2A2FB450}"
EndProject
Project("{9A19103F-16F7-4668-BE54-9A1E7A4F7556}") = "Benday.JsonUtilities", "Benday.JsonUtilities\Benday.JsonUtilities.csproj", "{8045C361-6E32-40ED-A3D2-ACBF90F0EDCC}"
EndProject
Project("{9A19103F-16F7-4668-BE54-9A1E7A4F7556}") = "Benday.XmlUtilities", "Benday.XmlUtilities\Benday.XmlUtilities\Benday.XmlUtilities.csproj", "{A35DD549-58DB-4346-A7F6-B41519EA0429}"
EndProject
Global
	GlobalSection(SolutionConfigurationPlatforms) = preSolution
		Debug|Any CPU = Debug|Any CPU
		Debug|x64 = Debug|x64
		Debug|x86 = Debug|x86
		Release|Any CPU = Release|Any CPU
		Release|x64 = Release|x64
		Release|x86 = Release|x86
	EndGlobalSection
	GlobalSection(ProjectConfigurationPlatforms) = postSolution
		{42D79AF8-417B-4FF9-8399-17A7B804228B}.Debug|Any CPU.ActiveCfg = Debug|Any CPU
		{42D79AF8-417B-4FF9-8399-17A7B804228B}.Debug|Any CPU.Build.0 = Debug|Any CPU
		{42D79AF8-417B-4FF9-8399-17A7B804228B}.Debug|x64.ActiveCfg = Debug|Any CPU
		{42D79AF8-417B-4FF9-8399-17A7B804228B}.Debug|x64.Build.0 = Debug|Any CPU
		{42D79AF8-417B-4FF9-8399-17A7B804228B}.Debug|x86.ActiveCfg = Debug|Any CPU
		{42D79AF8-417B-4FF9-8399-17A7B804228B}.Debug|x86.Build.0 = Debug|Any CPU
		{42D79AF8-417B-4FF9-8399-17A7B804228B}.Release|Any CPU.ActiveCfg = Release|Any CPU
		{42D79AF8-417B-4FF9-8399-17A7B804228B}.Release|Any CPU.Build.0 = Release|Any CPU
		{42D79AF8-417B-4FF9-8399-17A7B804228B}.Release|x64.ActiveCfg = Release|Any CPU
		{42D79AF8-417B-4FF9-8399-17A7B804228B}.Release|x64.Build.0 = Release|Any CPU
		{42D79AF8-417B-4FF9-8399-17A7B804228B}.Release|x86.ActiveCfg = Release|Any CPU
		{42D79AF8-417B-4FF9-8399-17A7B804228B}.Release|x86.Build.0 = Release|Any CPU
		{40180FF1-2379-4EC0-B3C9-F9101B31F40C}.Debug|Any CPU.ActiveCfg = Debug|Any CPU
		{40180FF1-2379-4EC0-B3C9-F9101B31F40C}.Debug|Any CPU.Build.0 = Debug|Any CPU
		{40180FF1-2379-4EC0-B3C9-F9101B31F40C}.Debug|x64.ActiveCfg = Debug|Any CPU
		{40180FF1-2379-4EC0-B3C9-F9101B31F40C}.Debug|x64.Build.0 = Debug|Any CPU
		{40180FF1-2379-4EC0-B3C9-F9101B31F40C}.Debug|x86.ActiveCfg = Debug|Any CPU
		{40180FF1-2379-4EC0-B3C9-F9101B31F40C}.Debug|x86.Build.0 = Debug|Any CPU
		{40180FF1-2379-4EC0-B3C9-F9101B31F40C}.Release|Any CPU.ActiveCfg = Release|Any CPU
		{40180FF1-2379-4EC0-B3C9-F9101B31F40C}.Release|Any CPU.Build.0 = Release|Any CPU
		{40180FF1-2379-4EC0-B3C9-F9101B31F40C}.Release|x64.ActiveCfg = Release|Any CPU
		{40180FF1-2379-4EC0-B3C9-F9101B31F40C}.Release|x64.Build.0 = Release|Any CPU
		{40180FF1-2379-4EC0-B3C9-F9101B31F40C}.Release|x86.ActiveCfg = Release|Any CPU
		{40180FF1-2379-4EC0-B3C9-F9101B31F40C}.Release|x86.Build.0 = Release|Any CPU
		{63705CEC-6F97-40EA-86A2-9EDEE9EAE392}.Debug|Any CPU.ActiveCfg = Debug|Any CPU
		{63705CEC-6F97-40EA-86A2-9EDEE9EAE392}.Debug|Any CPU.Build.0 = Debug|Any CPU
		{63705CEC-6F97-40EA-86A2-9EDEE9EAE392}.Debug|x64.ActiveCfg = Debug|Any CPU
		{63705CEC-6F97-40EA-86A2-9EDEE9EAE392}.Debug|x64.Build.0 = Debug|Any CPU
		{63705CEC-6F97-40EA-86A2-9EDEE9EAE392}.Debug|x86.ActiveCfg = Debug|Any CPU
		{63705CEC-6F97-40EA-86A2-9EDEE9EAE392}.Debug|x86.Build.0 = Debug|Any CPU
		{63705CEC-6F97-40EA-86A2-9EDEE9EAE392}.Release|Any CPU.ActiveCfg = Release|Any CPU
		{63705CEC-6F97-40EA-86A2-9EDEE9EAE392}.Release|Any CPU.Build.0 = Release|Any CPU
		{63705CEC-6F97-40EA-86A2-9EDEE9EAE392}.Release|x64.ActiveCfg = Release|Any CPU
		{63705CEC-6F97-40EA-86A2-9EDEE9EAE392}.Release|x64.Build.0 = Release|Any CPU
		{63705CEC-6F97-40EA-86A2-9EDEE9EAE392}.Release|x86.ActiveCfg = Release|Any CPU
		{63705CEC-6F97-40EA-86A2-9EDEE9EAE392}.Release|x86.Build.0 = Release|Any CPU
		{D1765630-5B80-4406-B032-4ADF873F43D4}.Debug|Any CPU.ActiveCfg = Debug|Any CPU
		{D1765630-5B80-4406-B032-4ADF873F43D4}.Debug|Any CPU.Build.0 = Debug|Any CPU
		{D1765630-5B80-4406-B032-4ADF873F43D4}.Debug|x64.ActiveCfg = Debug|Any CPU
		{D1765630-5B80-4406-B032-4ADF873F43D4}.Debug|x64.Build.0 = Debug|Any CPU
		{D1765630-5B80-4406-B032-4ADF873F43D4}.Debug|x86.ActiveCfg = Debug|Any CPU
		{D1765630-5B80-4406-B032-4ADF873F43D4}.Debug|x86.Build.0 = Debug|Any CPU
		{D1765630-5B80-4406-B032-4ADF873F43D4}.Release|Any CPU.ActiveCfg = Release|Any CPU
		{D1765630-5B80-4406-B032-4ADF873F43D4}.Release|Any CPU.Build.0 = Release|Any CPU
		{D1765630-5B80-4406-B032-4ADF873F43D4}.Release|x64.ActiveCfg = Release|Any CPU
		{D1765630-5B80-4406-B032-4ADF873F43D4}.Release|x64.Build.0 = Release|Any CPU
		{D1765630-5B80-4406-B032-4ADF873F43D4}.Release|x86.ActiveCfg = Release|Any CPU
		{D1765630-5B80-4406-B032-4ADF873F43D4}.Release|x86.Build.0 = Release|Any CPU
		{A23A0959-0DD0-4367-A768-EBEB7FAF4BBF}.Debug|Any CPU.ActiveCfg = Debug|Any CPU
		{A23A0959-0DD0-4367-A768-EBEB7FAF4BBF}.Debug|Any CPU.Build.0 = Debug|Any CPU
		{A23A0959-0DD0-4367-A768-EBEB7FAF4BBF}.Debug|x64.ActiveCfg = Debug|Any CPU
		{A23A0959-0DD0-4367-A768-EBEB7FAF4BBF}.Debug|x64.Build.0 = Debug|Any CPU
		{A23A0959-0DD0-4367-A768-EBEB7FAF4BBF}.Debug|x86.ActiveCfg = Debug|Any CPU
		{A23A0959-0DD0-4367-A768-EBEB7FAF4BBF}.Debug|x86.Build.0 = Debug|Any CPU
		{A23A0959-0DD0-4367-A768-EBEB7FAF4BBF}.Release|Any CPU.ActiveCfg = Release|Any CPU
		{A23A0959-0DD0-4367-A768-EBEB7FAF4BBF}.Release|Any CPU.Build.0 = Release|Any CPU
		{A23A0959-0DD0-4367-A768-EBEB7FAF4BBF}.Release|x64.ActiveCfg = Release|Any CPU
		{A23A0959-0DD0-4367-A768-EBEB7FAF4BBF}.Release|x64.Build.0 = Release|Any CPU
		{A23A0959-0DD0-4367-A768-EBEB7FAF4BBF}.Release|x86.ActiveCfg = Release|Any CPU
		{A23A0959-0DD0-4367-A768-EBEB7FAF4BBF}.Release|x86.Build.0 = Release|Any CPU
		{A7387F07-CBD6-4E85-A874-746E2A2FB450}.Debug|Any CPU.ActiveCfg = Debug|Any CPU
		{A7387F07-CBD6-4E85-A874-746E2A2FB450}.Debug|Any CPU.Build.0 = Debug|Any CPU
		{A7387F07-CBD6-4E85-A874-746E2A2FB450}.Debug|x64.ActiveCfg = Debug|Any CPU
		{A7387F07-CBD6-4E85-A874-746E2A2FB450}.Debug|x64.Build.0 = Debug|Any CPU
		{A7387F07-CBD6-4E85-A874-746E2A2FB450}.Debug|x86.ActiveCfg = Debug|Any CPU
		{A7387F07-CBD6-4E85-A874-746E2A2FB450}.Debug|x86.Build.0 = Debug|Any CPU
		{A7387F07-CBD6-4E85-A874-746E2A2FB450}.Release|Any CPU.ActiveCfg = Release|Any CPU
		{A7387F07-CBD6-4E85-A874-746E2A2FB450}.Release|Any CPU.Build.0 = Release|Any CPU
		{A7387F07-CBD6-4E85-A874-746E2A2FB450}.Release|x64.ActiveCfg = Release|Any CPU
		{A7387F07-CBD6-4E85-A874-746E2A2FB450}.Release|x64.Build.0 = Release|Any CPU
		{A7387F07-CBD6-4E85-A874-746E2A2FB450}.Release|x86.ActiveCfg = Release|Any CPU
		{A7387F07-CBD6-4E85-A874-746E2A2FB450}.Release|x86.Build.0 = Release|Any CPU
		{8045C361-6E32-40ED-A3D2-ACBF90F0EDCC}.Debug|Any CPU.ActiveCfg = Debug|Any CPU
		{8045C361-6E32-40ED-A3D2-ACBF90F0EDCC}.Debug|Any CPU.Build.0 = Debug|Any CPU
		{8045C361-6E32-40ED-A3D2-ACBF90F0EDCC}.Debug|x64.ActiveCfg = Debug|Any CPU
		{8045C361-6E32-40ED-A3D2-ACBF90F0EDCC}.Debug|x64.Build.0 = Debug|Any CPU
		{8045C361-6E32-40ED-A3D2-ACBF90F0EDCC}.Debug|x86.ActiveCfg = Debug|Any CPU
		{8045C361-6E32-40ED-A3D2-ACBF90F0EDCC}.Debug|x86.Build.0 = Debug|Any CPU
		{8045C361-6E32-40ED-A3D2-ACBF90F0EDCC}.Release|Any CPU.ActiveCfg = Release|Any CPU
		{8045C361-6E32-40ED-A3D2-ACBF90F0EDCC}.Release|Any CPU.Build.0 = Release|Any CPU
		{8045C361-6E32-40ED-A3D2-ACBF90F0EDCC}.Release|x64.ActiveCfg = Release|Any CPU
		{8045C361-6E32-40ED-A3D2-ACBF90F0EDCC}.Release|x64.Build.0 = Release|Any CPU
		{8045C361-6E32-40ED-A3D2-ACBF90F0EDCC}.Release|x86.ActiveCfg = Release|Any CPU
		{8045C361-6E32-40ED-A3D2-ACBF90F0EDCC}.Release|x86.Build.0 = Release|Any CPU
		{A35DD549-58DB-4346-A7F6-B41519EA0429}.Debug|Any CPU.ActiveCfg = Debug|Any CPU
		{A35DD549-58DB-4346-A7F6-B41519EA0429}.Debug|Any CPU.Build.0 = Debug|Any CPU
		{A35DD549-58DB-4346-A7F6-B41519EA0429}.Debug|x64.ActiveCfg = Debug|Any CPU
		{A35DD549-58DB-4346-A7F6-B41519EA0429}.Debug|x64.Build.0 = Debug|Any CPU
		{A35DD549-58DB-4346-A7F6-B41519EA0429}.Debug|x86.ActiveCfg = Debug|Any CPU
		{A35DD549-58DB-4346-A7F6-B41519EA0429}.Debug|x86.Build.0 = Debug|Any CPU
		{A35DD549-58DB-4346-A7F6-B41519EA0429}.Release|Any CPU.ActiveCfg = Release|Any CPU
		{A35DD549-58DB-4346-A7F6-B41519EA0429}.Release|Any CPU.Build.0 = Release|Any CPU
		{A35DD549-58DB-4346-A7F6-B41519EA0429}.Release|x64.ActiveCfg = Release|Any CPU
		{A35DD549-58DB-4346-A7F6-B41519EA0429}.Release|x64.Build.0 = Release|Any CPU
		{A35DD549-58DB-4346-A7F6-B41519EA0429}.Release|x86.ActiveCfg = Release|Any CPU
		{A35DD549-58DB-4346-A7F6-B41519EA0429}.Release|x86.Build.0 = Release|Any CPU
	EndGlobalSection
	GlobalSection(SolutionProperties) = preSolution
		HideSolutionNode = FALSE
	EndGlobalSection
	GlobalSection(ExtensibilityGlobals) = postSolution
		SolutionGuid = {F87924F1-0F16-47CF-8891-C2EBD4A27F81}
	EndGlobalSection
EndGlobal
