
Microsoft Visual Studio Solution File, Format Version 12.00
# Visual Studio 15
Project("{FAE04EC0-301F-11D3-BF4B-00C04F79EFBC}") = "Benday.Common", "Benday.Common\Benday.Common.csproj", "{865F607D-CA6E-4D5F-8EAA-8560C814B75E}"
EndProject
Global
	GlobalSection(SolutionConfigurationPlatforms) = preSolution
		Debug|Any CPU = Debug|Any CPU
		Release|Any CPU = Release|Any CPU
	EndGlobalSection
	GlobalSection(ProjectConfigurationPlatforms) = postSolution
		{865F607D-CA6E-4D5F-8EAA-8560C814B75E}.Debug|Any CPU.ActiveCfg = Debug|Any CPU
		{865F607D-CA6E-4D5F-8EAA-8560C814B75E}.Debug|Any CPU.Build.0 = Debug|Any CPU
		{865F607D-CA6E-4D5F-8EAA-8560C814B75E}.Release|Any CPU.ActiveCfg = Release|Any CPU
		{865F607D-CA6E-4D5F-8EAA-8560C814B75E}.Release|Any CPU.Build.0 = Release|Any CPU
	EndGlobalSection
EndGlobal
